{
  "pins" : [
    {
      "identity" : "onesignal-xcframework",
      "kind" : "remoteSourceControl",
      "location" : "https://github.com/OneSignal/OneSignal-XCFramework.git",
      "state" : {
        "revision" : "2def0328e37a48943cb69c7c89d084adf7dd70f3",
        "version" : "5.0.4"
      }
    }
  ],
  "version" : 2
}
