// !$*UTF8*$!
{
	archiveVersion = 1;
	classes = {
	};
	objectVersion = 56;
	objects = {

/* Begin PBXBuildFile section */
		2F0E381E2B0D092B004573EA /* AppModelContainer.swift in Sources */ = {isa = PBXBuildFile; fileRef = 2F0E381D2B0D092B004573EA /* AppModelContainer.swift */; };
		2F0E38202B0D0950004573EA /* BoardsView.swift in Sources */ = {isa = PBXBuildFile; fileRef = 2F0E381F2B0D0950004573EA /* BoardsView.swift */; };
		2F0E38222B0D0969004573EA /* EventCardView.swift in Sources */ = {isa = PBXBuildFile; fileRef = 2F0E38212B0D0969004573EA /* EventCardView.swift */; };
		2F0E382D2B0D1CE3004573EA /* Samples.swift in Sources */ = {isa = PBXBuildFile; fileRef = 2F0E38262B0D1CE2004573EA /* Samples.swift */; };
		2F0E382E2B0D1CE3004573EA /* CircleImage.swift in Sources */ = {isa = PBXBuildFile; fileRef = 2F0E38272B0D1CE2004573EA /* CircleImage.swift */; };
		2F0E382F2B0D1CE3004573EA /* StringFunc.swift in Sources */ = {isa = PBXBuildFile; fileRef = 2F0E38282B0D1CE2004573EA /* StringFunc.swift */; };
		2F0E38302B0D1CE3004573EA /* getSthBySth.swift in Sources */ = {isa = PBXBuildFile; fileRef = 2F0E38292B0D1CE3004573EA /* getSthBySth.swift */; };
		2F0E38312B0D1CE3004573EA /* SizeCalculator.swift in Sources */ = {isa = PBXBuildFile; fileRef = 2F0E382A2B0D1CE3004573EA /* SizeCalculator.swift */; };
		2F0E38322B0D1CE3004573EA /* OffsetModifier.swift in Sources */ = {isa = PBXBuildFile; fileRef = 2F0E382B2B0D1CE3004573EA /* OffsetModifier.swift */; };
		2F0E38332B0D1CE3004573EA /* DottedLine.swift in Sources */ = {isa = PBXBuildFile; fileRef = 2F0E382C2B0D1CE3004573EA /* DottedLine.swift */; };
		2F0E38362B0D1D0D004573EA /* SyncedDatabase.swift in Sources */ = {isa = PBXBuildFile; fileRef = 2F0E38352B0D1D0D004573EA /* SyncedDatabase.swift */; };
		2F0E38392B0D1D73004573EA /* ProfileView.swift in Sources */ = {isa = PBXBuildFile; fileRef = 2F0E38382B0D1D73004573EA /* ProfileView.swift */; };
		2F0E38472B0D1DA2004573EA /* UIDeviceExtension.swift in Sources */ = {isa = PBXBuildFile; fileRef = 2F0E383B2B0D1DA1004573EA /* UIDeviceExtension.swift */; };
		2F0E38482B0D1DA2004573EA /* ViewExtension.swift in Sources */ = {isa = PBXBuildFile; fileRef = 2F0E383C2B0D1DA1004573EA /* ViewExtension.swift */; };
		2F0E38492B0D1DA2004573EA /* BoolExtension.swift in Sources */ = {isa = PBXBuildFile; fileRef = 2F0E383D2B0D1DA1004573EA /* BoolExtension.swift */; };
		2F0E384A2B0D1DA2004573EA /* CalendarExtension.swift in Sources */ = {isa = PBXBuildFile; fileRef = 2F0E383E2B0D1DA1004573EA /* CalendarExtension.swift */; };
		2F0E384B2B0D1DA2004573EA /* DateExtension.swift in Sources */ = {isa = PBXBuildFile; fileRef = 2F0E383F2B0D1DA1004573EA /* DateExtension.swift */; };
		2F0E384C2B0D1DA2004573EA /* ArrayExtension.swift in Sources */ = {isa = PBXBuildFile; fileRef = 2F0E38402B0D1DA1004573EA /* ArrayExtension.swift */; };
		2F0E384D2B0D1DA2004573EA /* DateComponentsExtenstion.swift in Sources */ = {isa = PBXBuildFile; fileRef = 2F0E38412B0D1DA2004573EA /* DateComponentsExtenstion.swift */; };
		2F0E384E2B0D1DA2004573EA /* StringExtension.swift in Sources */ = {isa = PBXBuildFile; fileRef = 2F0E38422B0D1DA2004573EA /* StringExtension.swift */; };
		2F0E38512B0D1DA2004573EA /* ColorExtension.swift in Sources */ = {isa = PBXBuildFile; fileRef = 2F0E38452B0D1DA2004573EA /* ColorExtension.swift */; };
		2F0E38522B0D1DA2004573EA /* LoggerExtension.swift in Sources */ = {isa = PBXBuildFile; fileRef = 2F0E38462B0D1DA2004573EA /* LoggerExtension.swift */; };
		2F0E38552B0D1DBC004573EA /* Enums.swift in Sources */ = {isa = PBXBuildFile; fileRef = 2F0E38542B0D1DBC004573EA /* Enums.swift */; };
		2F0E385A2B0D1DD3004573EA /* NotificationHandler.swift in Sources */ = {isa = PBXBuildFile; fileRef = 2F0E38572B0D1DD3004573EA /* NotificationHandler.swift */; };
		2F0E385B2B0D1DD3004573EA /* NotificationViewModifier.swift in Sources */ = {isa = PBXBuildFile; fileRef = 2F0E38582B0D1DD3004573EA /* NotificationViewModifier.swift */; };
		2F0E385C2B0D1DD3004573EA /* NotifictionManager.swift in Sources */ = {isa = PBXBuildFile; fileRef = 2F0E38592B0D1DD3004573EA /* NotifictionManager.swift */; };
		2F0E38642B0D1E07004573EA /* TaskModel.swift in Sources */ = {isa = PBXBuildFile; fileRef = 2F0E385F2B0D1E07004573EA /* TaskModel.swift */; };
		2F0E38652B0D1E07004573EA /* TaskModelEntity.swift in Sources */ = {isa = PBXBuildFile; fileRef = 2F0E38602B0D1E07004573EA /* TaskModelEntity.swift */; };
		2F0E38662B0D1E07004573EA /* TaskModelSnapshot.swift in Sources */ = {isa = PBXBuildFile; fileRef = 2F0E38612B0D1E07004573EA /* TaskModelSnapshot.swift */; };
		2F0E38672B0D1E07004573EA /* TasksSearchResults.swift in Sources */ = {isa = PBXBuildFile; fileRef = 2F0E38622B0D1E07004573EA /* TasksSearchResults.swift */; };
		2F0E38682B0D1E07004573EA /* TasksSearchSuggestions.swift in Sources */ = {isa = PBXBuildFile; fileRef = 2F0E38632B0D1E07004573EA /* TasksSearchSuggestions.swift */; };
		2F0E38712B0D1E15004573EA /* DataGeneration.swift in Sources */ = {isa = PBXBuildFile; fileRef = 2F0E38692B0D1E14004573EA /* DataGeneration.swift */; };
		2F0E38722B0D1E15004573EA /* Contributor.swift in Sources */ = {isa = PBXBuildFile; fileRef = 2F0E386A2B0D1E14004573EA /* Contributor.swift */; };
		2F0E38732B0D1E15004573EA /* ProfileModel.swift in Sources */ = {isa = PBXBuildFile; fileRef = 2F0E386B2B0D1E14004573EA /* ProfileModel.swift */; };
		2F0E38742B0D1E15004573EA /* NotificationValue.swift in Sources */ = {isa = PBXBuildFile; fileRef = 2F0E386C2B0D1E14004573EA /* NotificationValue.swift */; };
		2F0E38752B0D1E15004573EA /* RecallOption.swift in Sources */ = {isa = PBXBuildFile; fileRef = 2F0E386D2B0D1E15004573EA /* RecallOption.swift */; };
		2F0E38762B0D1E15004573EA /* NotifyReminder.swift in Sources */ = {isa = PBXBuildFile; fileRef = 2F0E386E2B0D1E15004573EA /* NotifyReminder.swift */; };
		2F0E38772B0D1E15004573EA /* Board.swift in Sources */ = {isa = PBXBuildFile; fileRef = 2F0E386F2B0D1E15004573EA /* Board.swift */; };
		2F0E38782B0D1E15004573EA /* GroupModel.swift in Sources */ = {isa = PBXBuildFile; fileRef = 2F0E38702B0D1E15004573EA /* GroupModel.swift */; };
		2F0E38822B0D1E44004573EA /* ProfileImage.swift in Sources */ = {isa = PBXBuildFile; fileRef = 2F0E387A2B0D1E42004573EA /* ProfileImage.swift */; };
		2F0E38832B0D1E44004573EA /* NoOpacityAnimationButtonStyle.swift in Sources */ = {isa = PBXBuildFile; fileRef = 2F0E387B2B0D1E42004573EA /* NoOpacityAnimationButtonStyle.swift */; };
		2F0E38842B0D1E44004573EA /* CustomCorner.swift in Sources */ = {isa = PBXBuildFile; fileRef = 2F0E387C2B0D1E43004573EA /* CustomCorner.swift */; };
		2F0E38852B0D1E44004573EA /* ScalingScrollView.swift in Sources */ = {isa = PBXBuildFile; fileRef = 2F0E387D2B0D1E43004573EA /* ScalingScrollView.swift */; };
		2F0E38862B0D1E44004573EA /* SignInWithAppleButton.swift in Sources */ = {isa = PBXBuildFile; fileRef = 2F0E387E2B0D1E43004573EA /* SignInWithAppleButton.swift */; };
		2F0E38872B0D1E44004573EA /* CustomSegmentedPickerView.swift in Sources */ = {isa = PBXBuildFile; fileRef = 2F0E387F2B0D1E43004573EA /* CustomSegmentedPickerView.swift */; };
		2F0E38882B0D1E44004573EA /* NotificationPreview.swift in Sources */ = {isa = PBXBuildFile; fileRef = 2F0E38802B0D1E43004573EA /* NotificationPreview.swift */; };
		2F0E38892B0D1E44004573EA /* ActivityIndicatorModifier.swift in Sources */ = {isa = PBXBuildFile; fileRef = 2F0E38812B0D1E44004573EA /* ActivityIndicatorModifier.swift */; };
		2F0E388B2B0D1EF4004573EA /* TimeIntervalExtension.swift in Sources */ = {isa = PBXBuildFile; fileRef = 2F0E388A2B0D1EF4004573EA /* TimeIntervalExtension.swift */; };
		2F0E389A2B0E3225004573EA /* WidgetKit.framework in Frameworks */ = {isa = PBXBuildFile; fileRef = 2F3EDFBC2B03DF570066036B /* WidgetKit.framework */; };
		2F0E389B2B0E3225004573EA /* SwiftUI.framework in Frameworks */ = {isa = PBXBuildFile; fileRef = 2F3EDFBE2B03DF580066036B /* SwiftUI.framework */; };
		2F0E389E2B0E3225004573EA /* TaskWidgetBundle.swift in Sources */ = {isa = PBXBuildFile; fileRef = 2F0E389D2B0E3225004573EA /* TaskWidgetBundle.swift */; };
		2F0E38A02B0E3225004573EA /* TaskWidgetLiveActivity.swift in Sources */ = {isa = PBXBuildFile; fileRef = 2F0E389F2B0E3225004573EA /* TaskWidgetLiveActivity.swift */; };
		2F0E38A22B0E3225004573EA /* TaskWidget.swift in Sources */ = {isa = PBXBuildFile; fileRef = 2F0E38A12B0E3225004573EA /* TaskWidget.swift */; };
		2F0E38A42B0E3225004573EA /* AppIntent.swift in Sources */ = {isa = PBXBuildFile; fileRef = 2F0E38A32B0E3225004573EA /* AppIntent.swift */; };
		2F0E38A62B0E3228004573EA /* Assets.xcassets in Resources */ = {isa = PBXBuildFile; fileRef = 2F0E38A52B0E3228004573EA /* Assets.xcassets */; };
		2F0E38AA2B0E3228004573EA /* TaskWidgetExtension.appex in Embed Foundation Extensions */ = {isa = PBXBuildFile; fileRef = 2F0E38992B0E3225004573EA /* TaskWidgetExtension.appex */; settings = {ATTRIBUTES = (RemoveHeadersOnCopy, ); }; };
		2F0E38B02B0E4550004573EA /* EventCardDetailView.swift in Sources */ = {isa = PBXBuildFile; fileRef = 2F0E38AF2B0E4550004573EA /* EventCardDetailView.swift */; };
		2F35970C2AD828CF0064AE43 /* TaskManagerApp.swift in Sources */ = {isa = PBXBuildFile; fileRef = 2F35970B2AD828CF0064AE43 /* TaskManagerApp.swift */; };
		2F35970E2AD828CF0064AE43 /* ContentView.swift in Sources */ = {isa = PBXBuildFile; fileRef = 2F35970D2AD828CF0064AE43 /* ContentView.swift */; };
		2F3597122AD828D10064AE43 /* Assets.xcassets in Resources */ = {isa = PBXBuildFile; fileRef = 2F3597112AD828D10064AE43 /* Assets.xcassets */; };
		2F3597162AD828D10064AE43 /* Preview Assets.xcassets in Resources */ = {isa = PBXBuildFile; fileRef = 2F3597152AD828D10064AE43 /* Preview Assets.xcassets */; };
		2F3597212AD828D10064AE43 /* TaskManagerTests.swift in Sources */ = {isa = PBXBuildFile; fileRef = 2F3597202AD828D10064AE43 /* TaskManagerTests.swift */; };
		2F35972B2AD828D20064AE43 /* TaskManagerUITests.swift in Sources */ = {isa = PBXBuildFile; fileRef = 2F35972A2AD828D20064AE43 /* TaskManagerUITests.swift */; };
		2F35972D2AD828D20064AE43 /* TaskManagerUITestsLaunchTests.swift in Sources */ = {isa = PBXBuildFile; fileRef = 2F35972C2AD828D20064AE43 /* TaskManagerUITestsLaunchTests.swift */; };
		2F35974B2AD86AC10064AE43 /* CalendarTabView.swift in Sources */ = {isa = PBXBuildFile; fileRef = 2F35974A2AD86AC10064AE43 /* CalendarTabView.swift */; };
		2F35974D2AD86BBC0064AE43 /* CalendarView.swift in Sources */ = {isa = PBXBuildFile; fileRef = 2F35974C2AD86BBC0064AE43 /* CalendarView.swift */; };
		2F35974F2AD86C5D0064AE43 /* TasksView.swift in Sources */ = {isa = PBXBuildFile; fileRef = 2F35974E2AD86C5D0064AE43 /* TasksView.swift */; };
		2F3597512AD86C9F0064AE43 /* TimeLineListView.swift in Sources */ = {isa = PBXBuildFile; fileRef = 2F3597502AD86C9F0064AE43 /* TimeLineListView.swift */; };
		2F3597532AD86CFB0064AE43 /* TaskFormView.swift in Sources */ = {isa = PBXBuildFile; fileRef = 2F3597522AD86CFB0064AE43 /* TaskFormView.swift */; };
		2F3597552AD86D1F0064AE43 /* CalendarCardView.swift in Sources */ = {isa = PBXBuildFile; fileRef = 2F3597542AD86D1F0064AE43 /* CalendarCardView.swift */; };
		2FD2FFD02AE993360003FEFE /* AppDelegate.swift in Sources */ = {isa = PBXBuildFile; fileRef = 2FD2FFCF2AE993360003FEFE /* AppDelegate.swift */; };
/* End PBXBuildFile section */

/* Begin PBXContainerItemProxy section */
		2F0E38A82B0E3228004573EA /* PBXContainerItemProxy */ = {
			isa = PBXContainerItemProxy;
			containerPortal = 2F3597002AD828CE0064AE43 /* Project object */;
			proxyType = 1;
			remoteGlobalIDString = 2F0E38982B0E3225004573EA;
			remoteInfo = TaskWidgetExtension;
		};
		2F35971D2AD828D10064AE43 /* PBXContainerItemProxy */ = {
			isa = PBXContainerItemProxy;
			containerPortal = 2F3597002AD828CE0064AE43 /* Project object */;
			proxyType = 1;
			remoteGlobalIDString = 2F3597072AD828CF0064AE43;
			remoteInfo = TaskManager;
		};
		2F3597272AD828D20064AE43 /* PBXContainerItemProxy */ = {
			isa = PBXContainerItemProxy;
			containerPortal = 2F3597002AD828CE0064AE43 /* Project object */;
			proxyType = 1;
			remoteGlobalIDString = 2F3597072AD828CF0064AE43;
			remoteInfo = TaskManager;
		};
/* End PBXContainerItemProxy section */

/* Begin PBXCopyFilesBuildPhase section */
		2F3EDFA82B036EC70066036B /* Embed Foundation Extensions */ = {
			isa = PBXCopyFilesBuildPhase;
			buildActionMask = 2147483647;
			dstPath = "";
			dstSubfolderSpec = 13;
			files = (
				2F0E38AA2B0E3228004573EA /* TaskWidgetExtension.appex in Embed Foundation Extensions */,
			);
			name = "Embed Foundation Extensions";
			runOnlyForDeploymentPostprocessing = 0;
		};
/* End PBXCopyFilesBuildPhase section */

/* Begin PBXFileReference section */
		2F0E381D2B0D092B004573EA /* AppModelContainer.swift */ = {isa = PBXFileReference; lastKnownFileType = sourcecode.swift; path = AppModelContainer.swift; sourceTree = "<group>"; };
		2F0E381F2B0D0950004573EA /* BoardsView.swift */ = {isa = PBXFileReference; lastKnownFileType = sourcecode.swift; path = BoardsView.swift; sourceTree = "<group>"; };
		2F0E38212B0D0969004573EA /* EventCardView.swift */ = {isa = PBXFileReference; lastKnownFileType = sourcecode.swift; path = EventCardView.swift; sourceTree = "<group>"; };
		2F0E38262B0D1CE2004573EA /* Samples.swift */ = {isa = PBXFileReference; fileEncoding = 4; lastKnownFileType = sourcecode.swift; path = Samples.swift; sourceTree = "<group>"; };
		2F0E38272B0D1CE2004573EA /* CircleImage.swift */ = {isa = PBXFileReference; fileEncoding = 4; lastKnownFileType = sourcecode.swift; path = CircleImage.swift; sourceTree = "<group>"; };
		2F0E38282B0D1CE2004573EA /* StringFunc.swift */ = {isa = PBXFileReference; fileEncoding = 4; lastKnownFileType = sourcecode.swift; path = StringFunc.swift; sourceTree = "<group>"; };
		2F0E38292B0D1CE3004573EA /* getSthBySth.swift */ = {isa = PBXFileReference; fileEncoding = 4; lastKnownFileType = sourcecode.swift; path = getSthBySth.swift; sourceTree = "<group>"; };
		2F0E382A2B0D1CE3004573EA /* SizeCalculator.swift */ = {isa = PBXFileReference; fileEncoding = 4; lastKnownFileType = sourcecode.swift; path = SizeCalculator.swift; sourceTree = "<group>"; };
		2F0E382B2B0D1CE3004573EA /* OffsetModifier.swift */ = {isa = PBXFileReference; fileEncoding = 4; lastKnownFileType = sourcecode.swift; path = OffsetModifier.swift; sourceTree = "<group>"; };
		2F0E382C2B0D1CE3004573EA /* DottedLine.swift */ = {isa = PBXFileReference; fileEncoding = 4; lastKnownFileType = sourcecode.swift; path = DottedLine.swift; sourceTree = "<group>"; };
		2F0E38352B0D1D0D004573EA /* SyncedDatabase.swift */ = {isa = PBXFileReference; fileEncoding = 4; lastKnownFileType = sourcecode.swift; path = SyncedDatabase.swift; sourceTree = "<group>"; };
		2F0E38382B0D1D73004573EA /* ProfileView.swift */ = {isa = PBXFileReference; fileEncoding = 4; lastKnownFileType = sourcecode.swift; path = ProfileView.swift; sourceTree = "<group>"; };
		2F0E383B2B0D1DA1004573EA /* UIDeviceExtension.swift */ = {isa = PBXFileReference; fileEncoding = 4; lastKnownFileType = sourcecode.swift; path = UIDeviceExtension.swift; sourceTree = "<group>"; };
		2F0E383C2B0D1DA1004573EA /* ViewExtension.swift */ = {isa = PBXFileReference; fileEncoding = 4; lastKnownFileType = sourcecode.swift; path = ViewExtension.swift; sourceTree = "<group>"; };
		2F0E383D2B0D1DA1004573EA /* BoolExtension.swift */ = {isa = PBXFileReference; fileEncoding = 4; lastKnownFileType = sourcecode.swift; path = BoolExtension.swift; sourceTree = "<group>"; };
		2F0E383E2B0D1DA1004573EA /* CalendarExtension.swift */ = {isa = PBXFileReference; fileEncoding = 4; lastKnownFileType = sourcecode.swift; path = CalendarExtension.swift; sourceTree = "<group>"; };
		2F0E383F2B0D1DA1004573EA /* DateExtension.swift */ = {isa = PBXFileReference; fileEncoding = 4; lastKnownFileType = sourcecode.swift; path = DateExtension.swift; sourceTree = "<group>"; };
		2F0E38402B0D1DA1004573EA /* ArrayExtension.swift */ = {isa = PBXFileReference; fileEncoding = 4; lastKnownFileType = sourcecode.swift; path = ArrayExtension.swift; sourceTree = "<group>"; };
		2F0E38412B0D1DA2004573EA /* DateComponentsExtenstion.swift */ = {isa = PBXFileReference; fileEncoding = 4; lastKnownFileType = sourcecode.swift; path = DateComponentsExtenstion.swift; sourceTree = "<group>"; };
		2F0E38422B0D1DA2004573EA /* StringExtension.swift */ = {isa = PBXFileReference; fileEncoding = 4; lastKnownFileType = sourcecode.swift; path = StringExtension.swift; sourceTree = "<group>"; };
		2F0E38452B0D1DA2004573EA /* ColorExtension.swift */ = {isa = PBXFileReference; fileEncoding = 4; lastKnownFileType = sourcecode.swift; path = ColorExtension.swift; sourceTree = "<group>"; };
		2F0E38462B0D1DA2004573EA /* LoggerExtension.swift */ = {isa = PBXFileReference; fileEncoding = 4; lastKnownFileType = sourcecode.swift; path = LoggerExtension.swift; sourceTree = "<group>"; };
		2F0E38542B0D1DBC004573EA /* Enums.swift */ = {isa = PBXFileReference; fileEncoding = 4; lastKnownFileType = sourcecode.swift; path = Enums.swift; sourceTree = "<group>"; };
		2F0E38572B0D1DD3004573EA /* NotificationHandler.swift */ = {isa = PBXFileReference; fileEncoding = 4; lastKnownFileType = sourcecode.swift; path = NotificationHandler.swift; sourceTree = "<group>"; };
		2F0E38582B0D1DD3004573EA /* NotificationViewModifier.swift */ = {isa = PBXFileReference; fileEncoding = 4; lastKnownFileType = sourcecode.swift; path = NotificationViewModifier.swift; sourceTree = "<group>"; };
		2F0E38592B0D1DD3004573EA /* NotifictionManager.swift */ = {isa = PBXFileReference; fileEncoding = 4; lastKnownFileType = sourcecode.swift; path = NotifictionManager.swift; sourceTree = "<group>"; };
		2F0E385F2B0D1E07004573EA /* TaskModel.swift */ = {isa = PBXFileReference; fileEncoding = 4; lastKnownFileType = sourcecode.swift; path = TaskModel.swift; sourceTree = "<group>"; };
		2F0E38602B0D1E07004573EA /* TaskModelEntity.swift */ = {isa = PBXFileReference; fileEncoding = 4; lastKnownFileType = sourcecode.swift; path = TaskModelEntity.swift; sourceTree = "<group>"; };
		2F0E38612B0D1E07004573EA /* TaskModelSnapshot.swift */ = {isa = PBXFileReference; fileEncoding = 4; lastKnownFileType = sourcecode.swift; path = TaskModelSnapshot.swift; sourceTree = "<group>"; };
		2F0E38622B0D1E07004573EA /* TasksSearchResults.swift */ = {isa = PBXFileReference; fileEncoding = 4; lastKnownFileType = sourcecode.swift; path = TasksSearchResults.swift; sourceTree = "<group>"; };
		2F0E38632B0D1E07004573EA /* TasksSearchSuggestions.swift */ = {isa = PBXFileReference; fileEncoding = 4; lastKnownFileType = sourcecode.swift; path = TasksSearchSuggestions.swift; sourceTree = "<group>"; };
		2F0E38692B0D1E14004573EA /* DataGeneration.swift */ = {isa = PBXFileReference; fileEncoding = 4; lastKnownFileType = sourcecode.swift; path = DataGeneration.swift; sourceTree = "<group>"; };
		2F0E386A2B0D1E14004573EA /* Contributor.swift */ = {isa = PBXFileReference; fileEncoding = 4; lastKnownFileType = sourcecode.swift; path = Contributor.swift; sourceTree = "<group>"; };
		2F0E386B2B0D1E14004573EA /* ProfileModel.swift */ = {isa = PBXFileReference; fileEncoding = 4; lastKnownFileType = sourcecode.swift; path = ProfileModel.swift; sourceTree = "<group>"; };
		2F0E386C2B0D1E14004573EA /* NotificationValue.swift */ = {isa = PBXFileReference; fileEncoding = 4; lastKnownFileType = sourcecode.swift; path = NotificationValue.swift; sourceTree = "<group>"; };
		2F0E386D2B0D1E15004573EA /* RecallOption.swift */ = {isa = PBXFileReference; fileEncoding = 4; lastKnownFileType = sourcecode.swift; path = RecallOption.swift; sourceTree = "<group>"; };
		2F0E386E2B0D1E15004573EA /* NotifyReminder.swift */ = {isa = PBXFileReference; fileEncoding = 4; lastKnownFileType = sourcecode.swift; path = NotifyReminder.swift; sourceTree = "<group>"; };
		2F0E386F2B0D1E15004573EA /* Board.swift */ = {isa = PBXFileReference; fileEncoding = 4; lastKnownFileType = sourcecode.swift; path = Board.swift; sourceTree = "<group>"; };
		2F0E38702B0D1E15004573EA /* GroupModel.swift */ = {isa = PBXFileReference; fileEncoding = 4; lastKnownFileType = sourcecode.swift; path = GroupModel.swift; sourceTree = "<group>"; };
		2F0E387A2B0D1E42004573EA /* ProfileImage.swift */ = {isa = PBXFileReference; fileEncoding = 4; lastKnownFileType = sourcecode.swift; path = ProfileImage.swift; sourceTree = "<group>"; };
		2F0E387B2B0D1E42004573EA /* NoOpacityAnimationButtonStyle.swift */ = {isa = PBXFileReference; fileEncoding = 4; lastKnownFileType = sourcecode.swift; path = NoOpacityAnimationButtonStyle.swift; sourceTree = "<group>"; };
		2F0E387C2B0D1E43004573EA /* CustomCorner.swift */ = {isa = PBXFileReference; fileEncoding = 4; lastKnownFileType = sourcecode.swift; path = CustomCorner.swift; sourceTree = "<group>"; };
		2F0E387D2B0D1E43004573EA /* ScalingScrollView.swift */ = {isa = PBXFileReference; fileEncoding = 4; lastKnownFileType = sourcecode.swift; path = ScalingScrollView.swift; sourceTree = "<group>"; };
		2F0E387E2B0D1E43004573EA /* SignInWithAppleButton.swift */ = {isa = PBXFileReference; fileEncoding = 4; lastKnownFileType = sourcecode.swift; path = SignInWithAppleButton.swift; sourceTree = "<group>"; };
		2F0E387F2B0D1E43004573EA /* CustomSegmentedPickerView.swift */ = {isa = PBXFileReference; fileEncoding = 4; lastKnownFileType = sourcecode.swift; path = CustomSegmentedPickerView.swift; sourceTree = "<group>"; };
		2F0E38802B0D1E43004573EA /* NotificationPreview.swift */ = {isa = PBXFileReference; fileEncoding = 4; lastKnownFileType = sourcecode.swift; path = NotificationPreview.swift; sourceTree = "<group>"; };
		2F0E38812B0D1E44004573EA /* ActivityIndicatorModifier.swift */ = {isa = PBXFileReference; fileEncoding = 4; lastKnownFileType = sourcecode.swift; path = ActivityIndicatorModifier.swift; sourceTree = "<group>"; };
		2F0E388A2B0D1EF4004573EA /* TimeIntervalExtension.swift */ = {isa = PBXFileReference; lastKnownFileType = sourcecode.swift; path = TimeIntervalExtension.swift; sourceTree = "<group>"; };
		2F0E38992B0E3225004573EA /* TaskWidgetExtension.appex */ = {isa = PBXFileReference; explicitFileType = "wrapper.app-extension"; includeInIndex = 0; path = TaskWidgetExtension.appex; sourceTree = BUILT_PRODUCTS_DIR; };
		2F0E389D2B0E3225004573EA /* TaskWidgetBundle.swift */ = {isa = PBXFileReference; lastKnownFileType = sourcecode.swift; path = TaskWidgetBundle.swift; sourceTree = "<group>"; };
		2F0E389F2B0E3225004573EA /* TaskWidgetLiveActivity.swift */ = {isa = PBXFileReference; lastKnownFileType = sourcecode.swift; path = TaskWidgetLiveActivity.swift; sourceTree = "<group>"; };
		2F0E38A12B0E3225004573EA /* TaskWidget.swift */ = {isa = PBXFileReference; lastKnownFileType = sourcecode.swift; path = TaskWidget.swift; sourceTree = "<group>"; };
		2F0E38A32B0E3225004573EA /* AppIntent.swift */ = {isa = PBXFileReference; lastKnownFileType = sourcecode.swift; path = AppIntent.swift; sourceTree = "<group>"; };
		2F0E38A52B0E3228004573EA /* Assets.xcassets */ = {isa = PBXFileReference; lastKnownFileType = folder.assetcatalog; path = Assets.xcassets; sourceTree = "<group>"; };
		2F0E38A72B0E3228004573EA /* Info.plist */ = {isa = PBXFileReference; lastKnownFileType = text.plist.xml; path = Info.plist; sourceTree = "<group>"; };
		2F0E38AB2B0E3228004573EA /* TaskManager.app */ = {isa = PBXFileReference; explicitFileType = wrapper.application; includeInIndex = 0; path = TaskManager.app; sourceTree = BUILT_PRODUCTS_DIR; };
		2F0E38AF2B0E4550004573EA /* EventCardDetailView.swift */ = {isa = PBXFileReference; lastKnownFileType = sourcecode.swift; path = EventCardDetailView.swift; sourceTree = "<group>"; };
		2F35970B2AD828CF0064AE43 /* TaskManagerApp.swift */ = {isa = PBXFileReference; lastKnownFileType = sourcecode.swift; path = TaskManagerApp.swift; sourceTree = "<group>"; };
		2F35970D2AD828CF0064AE43 /* ContentView.swift */ = {isa = PBXFileReference; lastKnownFileType = sourcecode.swift; path = ContentView.swift; sourceTree = "<group>"; };
		2F3597112AD828D10064AE43 /* Assets.xcassets */ = {isa = PBXFileReference; lastKnownFileType = folder.assetcatalog; path = Assets.xcassets; sourceTree = "<group>"; };
		2F3597132AD828D10064AE43 /* TaskManager.entitlements */ = {isa = PBXFileReference; lastKnownFileType = text.plist.entitlements; path = TaskManager.entitlements; sourceTree = "<group>"; };
		2F3597152AD828D10064AE43 /* Preview Assets.xcassets */ = {isa = PBXFileReference; lastKnownFileType = folder.assetcatalog; path = "Preview Assets.xcassets"; sourceTree = "<group>"; };
		2F3597172AD828D10064AE43 /* Info.plist */ = {isa = PBXFileReference; lastKnownFileType = text.plist.xml; path = Info.plist; sourceTree = "<group>"; };
		2F35971C2AD828D10064AE43 /* TaskManagerTests.xctest */ = {isa = PBXFileReference; explicitFileType = wrapper.cfbundle; includeInIndex = 0; name = TaskManagerTests.xctest; path = /Users/novol/Developer/TaskManager/build/Debug/TaskManagerTests.xctest; sourceTree = "<absolute>"; };
		2F3597202AD828D10064AE43 /* TaskManagerTests.swift */ = {isa = PBXFileReference; lastKnownFileType = sourcecode.swift; path = TaskManagerTests.swift; sourceTree = "<group>"; };
		2F3597262AD828D20064AE43 /* TaskManagerUITests.xctest */ = {isa = PBXFileReference; explicitFileType = wrapper.cfbundle; includeInIndex = 0; name = TaskManagerUITests.xctest; path = /Users/novol/Developer/TaskManager/build/Debug/TaskManagerUITests.xctest; sourceTree = "<absolute>"; };
		2F35972A2AD828D20064AE43 /* TaskManagerUITests.swift */ = {isa = PBXFileReference; lastKnownFileType = sourcecode.swift; path = TaskManagerUITests.swift; sourceTree = "<group>"; };
		2F35972C2AD828D20064AE43 /* TaskManagerUITestsLaunchTests.swift */ = {isa = PBXFileReference; lastKnownFileType = sourcecode.swift; path = TaskManagerUITestsLaunchTests.swift; sourceTree = "<group>"; };
		2F35974A2AD86AC10064AE43 /* CalendarTabView.swift */ = {isa = PBXFileReference; lastKnownFileType = sourcecode.swift; path = CalendarTabView.swift; sourceTree = "<group>"; };
		2F35974C2AD86BBC0064AE43 /* CalendarView.swift */ = {isa = PBXFileReference; lastKnownFileType = sourcecode.swift; path = CalendarView.swift; sourceTree = "<group>"; };
		2F35974E2AD86C5D0064AE43 /* TasksView.swift */ = {isa = PBXFileReference; lastKnownFileType = sourcecode.swift; path = TasksView.swift; sourceTree = "<group>"; };
		2F3597502AD86C9F0064AE43 /* TimeLineListView.swift */ = {isa = PBXFileReference; lastKnownFileType = sourcecode.swift; path = TimeLineListView.swift; sourceTree = "<group>"; };
		2F3597522AD86CFB0064AE43 /* TaskFormView.swift */ = {isa = PBXFileReference; lastKnownFileType = sourcecode.swift; path = TaskFormView.swift; sourceTree = "<group>"; };
		2F3597542AD86D1F0064AE43 /* CalendarCardView.swift */ = {isa = PBXFileReference; lastKnownFileType = sourcecode.swift; path = CalendarCardView.swift; sourceTree = "<group>"; };
		2F3EDFBC2B03DF570066036B /* WidgetKit.framework */ = {isa = PBXFileReference; lastKnownFileType = wrapper.framework; name = WidgetKit.framework; path = System/Library/Frameworks/WidgetKit.framework; sourceTree = SDKROOT; };
		2F3EDFBE2B03DF580066036B /* SwiftUI.framework */ = {isa = PBXFileReference; lastKnownFileType = wrapper.framework; name = SwiftUI.framework; path = System/Library/Frameworks/SwiftUI.framework; sourceTree = SDKROOT; };
		2FD2FFCF2AE993360003FEFE /* AppDelegate.swift */ = {isa = PBXFileReference; lastKnownFileType = sourcecode.swift; path = AppDelegate.swift; sourceTree = "<group>"; };
/* End PBXFileReference section */

/* Begin PBXFrameworksBuildPhase section */
		2F0E38962B0E3225004573EA /* Frameworks */ = {
			isa = PBXFrameworksBuildPhase;
			buildActionMask = 2147483647;
			files = (
				2F0E389B2B0E3225004573EA /* SwiftUI.framework in Frameworks */,
				2F0E389A2B0E3225004573EA /* WidgetKit.framework in Frameworks */,
			);
			runOnlyForDeploymentPostprocessing = 0;
		};
		2F3597052AD828CF0064AE43 /* Frameworks */ = {
			isa = PBXFrameworksBuildPhase;
			buildActionMask = 2147483647;
			files = (
			);
			runOnlyForDeploymentPostprocessing = 0;
		};
		2F3597192AD828D10064AE43 /* Frameworks */ = {
			isa = PBXFrameworksBuildPhase;
			buildActionMask = 2147483647;
			files = (
			);
			runOnlyForDeploymentPostprocessing = 0;
		};
		2F3597232AD828D20064AE43 /* Frameworks */ = {
			isa = PBXFrameworksBuildPhase;
			buildActionMask = 2147483647;
			files = (
			);
			runOnlyForDeploymentPostprocessing = 0;
		};
/* End PBXFrameworksBuildPhase section */

/* Begin PBXGroup section */
		2F0E38252B0D1CD0004573EA /* Helpers */ = {
			isa = PBXGroup;
			children = (
				2F0E38272B0D1CE2004573EA /* CircleImage.swift */,
				2F0E382C2B0D1CE3004573EA /* DottedLine.swift */,
				2F0E38292B0D1CE3004573EA /* getSthBySth.swift */,
				2F0E382B2B0D1CE3004573EA /* OffsetModifier.swift */,
				2F0E38262B0D1CE2004573EA /* Samples.swift */,
				2F0E382A2B0D1CE3004573EA /* SizeCalculator.swift */,
				2F0E38282B0D1CE2004573EA /* StringFunc.swift */,
			);
			path = Helpers;
			sourceTree = "<group>";
		};
		2F0E38342B0D1CFE004573EA /* Shared */ = {
			isa = PBXGroup;
			children = (
				2F0E38352B0D1D0D004573EA /* SyncedDatabase.swift */,
			);
			path = Shared;
			sourceTree = "<group>";
		};
		2F0E38372B0D1D66004573EA /* Profile */ = {
			isa = PBXGroup;
			children = (
				2F0E38382B0D1D73004573EA /* ProfileView.swift */,
			);
			path = Profile;
			sourceTree = "<group>";
		};
		2F0E383A2B0D1D8F004573EA /* Extensions */ = {
			isa = PBXGroup;
			children = (
				2F0E38402B0D1DA1004573EA /* ArrayExtension.swift */,
				2F0E383D2B0D1DA1004573EA /* BoolExtension.swift */,
				2F0E383E2B0D1DA1004573EA /* CalendarExtension.swift */,
				2F0E38452B0D1DA2004573EA /* ColorExtension.swift */,
				2F0E38412B0D1DA2004573EA /* DateComponentsExtenstion.swift */,
				2F0E383F2B0D1DA1004573EA /* DateExtension.swift */,
				2F0E38462B0D1DA2004573EA /* LoggerExtension.swift */,
				2F0E38422B0D1DA2004573EA /* StringExtension.swift */,
				2F0E383B2B0D1DA1004573EA /* UIDeviceExtension.swift */,
				2F0E383C2B0D1DA1004573EA /* ViewExtension.swift */,
				2F0E388A2B0D1EF4004573EA /* TimeIntervalExtension.swift */,
			);
			path = Extensions;
			sourceTree = "<group>";
		};
		2F0E38532B0D1DB0004573EA /* Enums */ = {
			isa = PBXGroup;
			children = (
				2F0E38542B0D1DBC004573EA /* Enums.swift */,
			);
			path = Enums;
			sourceTree = "<group>";
		};
		2F0E38562B0D1DC7004573EA /* Notification */ = {
			isa = PBXGroup;
			children = (
				2F0E38572B0D1DD3004573EA /* NotificationHandler.swift */,
				2F0E38582B0D1DD3004573EA /* NotificationViewModifier.swift */,
				2F0E38592B0D1DD3004573EA /* NotifictionManager.swift */,
			);
			path = Notification;
			sourceTree = "<group>";
		};
		2F0E385D2B0D1DF6004573EA /* Models */ = {
			isa = PBXGroup;
			children = (
				2F0E386F2B0D1E15004573EA /* Board.swift */,
				2F0E386A2B0D1E14004573EA /* Contributor.swift */,
				2F0E38692B0D1E14004573EA /* DataGeneration.swift */,
				2F0E38702B0D1E15004573EA /* GroupModel.swift */,
				2F0E386C2B0D1E14004573EA /* NotificationValue.swift */,
				2F0E386E2B0D1E15004573EA /* NotifyReminder.swift */,
				2F0E386B2B0D1E14004573EA /* ProfileModel.swift */,
				2F0E386D2B0D1E15004573EA /* RecallOption.swift */,
				2F0E385E2B0D1DFC004573EA /* Task */,
			);
			path = Models;
			sourceTree = "<group>";
		};
		2F0E385E2B0D1DFC004573EA /* Task */ = {
			isa = PBXGroup;
			children = (
				2F0E385F2B0D1E07004573EA /* TaskModel.swift */,
				2F0E38602B0D1E07004573EA /* TaskModelEntity.swift */,
				2F0E38612B0D1E07004573EA /* TaskModelSnapshot.swift */,
				2F0E38622B0D1E07004573EA /* TasksSearchResults.swift */,
				2F0E38632B0D1E07004573EA /* TasksSearchSuggestions.swift */,
			);
			path = Task;
			sourceTree = "<group>";
		};
		2F0E38792B0D1E33004573EA /* GlobalViews */ = {
			isa = PBXGroup;
			children = (
				2F0E38812B0D1E44004573EA /* ActivityIndicatorModifier.swift */,
				2F0E387C2B0D1E43004573EA /* CustomCorner.swift */,
				2F0E387F2B0D1E43004573EA /* CustomSegmentedPickerView.swift */,
				2F0E387B2B0D1E42004573EA /* NoOpacityAnimationButtonStyle.swift */,
				2F0E38802B0D1E43004573EA /* NotificationPreview.swift */,
				2F0E387A2B0D1E42004573EA /* ProfileImage.swift */,
				2F0E387D2B0D1E43004573EA /* ScalingScrollView.swift */,
				2F0E387E2B0D1E43004573EA /* SignInWithAppleButton.swift */,
			);
			path = GlobalViews;
			sourceTree = "<group>";
		};
		2F0E389C2B0E3225004573EA /* TaskWidget */ = {
			isa = PBXGroup;
			children = (
				2F0E389D2B0E3225004573EA /* TaskWidgetBundle.swift */,
				2F0E389F2B0E3225004573EA /* TaskWidgetLiveActivity.swift */,
				2F0E38A12B0E3225004573EA /* TaskWidget.swift */,
				2F0E38A32B0E3225004573EA /* AppIntent.swift */,
				2F0E38A52B0E3228004573EA /* Assets.xcassets */,
				2F0E38A72B0E3228004573EA /* Info.plist */,
			);
			path = TaskWidget;
			sourceTree = "<group>";
		};
		2F3596FF2AD828CE0064AE43 = {
			isa = PBXGroup;
			children = (
				2F35970A2AD828CF0064AE43 /* TaskManager */,
				2F35971F2AD828D10064AE43 /* TaskManagerTests */,
				2F3597292AD828D20064AE43 /* TaskManagerUITests */,
				2F0E389C2B0E3225004573EA /* TaskWidget */,
				2F3EDFAD2B036FB60066036B /* Frameworks */,
				2F0E38992B0E3225004573EA /* TaskWidgetExtension.appex */,
				2F0E38AB2B0E3228004573EA /* TaskManager.app */,
			);
			sourceTree = "<group>";
		};
		2F35970A2AD828CF0064AE43 /* TaskManager */ = {
			isa = PBXGroup;
			children = (
				2F0E38792B0D1E33004573EA /* GlobalViews */,
				2F0E385D2B0D1DF6004573EA /* Models */,
				2F0E38562B0D1DC7004573EA /* Notification */,
				2F0E38532B0D1DB0004573EA /* Enums */,
				2F0E383A2B0D1D8F004573EA /* Extensions */,
				2F0E38372B0D1D66004573EA /* Profile */,
				2F0E38342B0D1CFE004573EA /* Shared */,
				2F0E38252B0D1CD0004573EA /* Helpers */,
				2F35973A2AD861CD0064AE43 /* CalendarTab */,
				2F3597492AD86A070064AE43 /* Controllers */,
				2F35970B2AD828CF0064AE43 /* TaskManagerApp.swift */,
				2F35970D2AD828CF0064AE43 /* ContentView.swift */,
				2F3597112AD828D10064AE43 /* Assets.xcassets */,
				2F3597132AD828D10064AE43 /* TaskManager.entitlements */,
				2F3597172AD828D10064AE43 /* Info.plist */,
				2F3597142AD828D10064AE43 /* Preview Content */,
				2FD2FFCF2AE993360003FEFE /* AppDelegate.swift */,
				2F0E381D2B0D092B004573EA /* AppModelContainer.swift */,
			);
			path = TaskManager;
			sourceTree = "<group>";
		};
		2F3597142AD828D10064AE43 /* Preview Content */ = {
			isa = PBXGroup;
			children = (
				2F3597152AD828D10064AE43 /* Preview Assets.xcassets */,
			);
			path = "Preview Content";
			sourceTree = "<group>";
		};
		2F35971F2AD828D10064AE43 /* TaskManagerTests */ = {
			isa = PBXGroup;
			children = (
				2F3597202AD828D10064AE43 /* TaskManagerTests.swift */,
			);
			path = TaskManagerTests;
			sourceTree = "<group>";
		};
		2F3597292AD828D20064AE43 /* TaskManagerUITests */ = {
			isa = PBXGroup;
			children = (
				2F35972A2AD828D20064AE43 /* TaskManagerUITests.swift */,
				2F35972C2AD828D20064AE43 /* TaskManagerUITestsLaunchTests.swift */,
			);
			path = TaskManagerUITests;
			sourceTree = "<group>";
		};
		2F35973A2AD861CD0064AE43 /* CalendarTab */ = {
			isa = PBXGroup;
			children = (
				2F35974A2AD86AC10064AE43 /* CalendarTabView.swift */,
				2F35974C2AD86BBC0064AE43 /* CalendarView.swift */,
				2F35974E2AD86C5D0064AE43 /* TasksView.swift */,
				2F3597502AD86C9F0064AE43 /* TimeLineListView.swift */,
				2F3597522AD86CFB0064AE43 /* TaskFormView.swift */,
				2F3597542AD86D1F0064AE43 /* CalendarCardView.swift */,
				2F0E381F2B0D0950004573EA /* BoardsView.swift */,
				2F0E38212B0D0969004573EA /* EventCardView.swift */,
				2F0E38AF2B0E4550004573EA /* EventCardDetailView.swift */,
			);
			path = CalendarTab;
			sourceTree = "<group>";
		};
		2F3597492AD86A070064AE43 /* Controllers */ = {
			isa = PBXGroup;
			children = (
			);
			path = Controllers;
			sourceTree = "<group>";
		};
		2F3EDFAD2B036FB60066036B /* Frameworks */ = {
			isa = PBXGroup;
			children = (
				2F3EDFBC2B03DF570066036B /* WidgetKit.framework */,
				2F3EDFBE2B03DF580066036B /* SwiftUI.framework */,
			);
			name = Frameworks;
			sourceTree = "<group>";
		};
/* End PBXGroup section */

/* Begin PBXNativeTarget section */
		2F0E38982B0E3225004573EA /* TaskWidgetExtension */ = {
			isa = PBXNativeTarget;
			buildConfigurationList = 2F0E38AC2B0E3228004573EA /* Build configuration list for PBXNativeTarget "TaskWidgetExtension" */;
			buildPhases = (
				2F0E38952B0E3225004573EA /* Sources */,
				2F0E38962B0E3225004573EA /* Frameworks */,
				2F0E38972B0E3225004573EA /* Resources */,
			);
			buildRules = (
			);
			dependencies = (
			);
			name = TaskWidgetExtension;
			productName = TaskWidgetExtension;
			productReference = 2F0E38992B0E3225004573EA /* TaskWidgetExtension.appex */;
			productType = "com.apple.product-type.app-extension";
		};
		2F3597072AD828CF0064AE43 /* TaskManager */ = {
			isa = PBXNativeTarget;
			buildConfigurationList = 2F3597302AD828D20064AE43 /* Build configuration list for PBXNativeTarget "TaskManager" */;
			buildPhases = (
				2F3597042AD828CF0064AE43 /* Sources */,
				2F3597052AD828CF0064AE43 /* Frameworks */,
				2F3597062AD828CF0064AE43 /* Resources */,
				2F3EDFA82B036EC70066036B /* Embed Foundation Extensions */,
			);
			buildRules = (
			);
			dependencies = (
				2F0E38A92B0E3228004573EA /* PBXTargetDependency */,
			);
			name = TaskManager;
			productName = TaskManager;
			productReference = 2F0E38AB2B0E3228004573EA /* TaskManager.app */;
			productType = "com.apple.product-type.application";
		};
		2F35971B2AD828D10064AE43 /* TaskManagerTests */ = {
			isa = PBXNativeTarget;
			buildConfigurationList = 2F3597332AD828D20064AE43 /* Build configuration list for PBXNativeTarget "TaskManagerTests" */;
			buildPhases = (
				2F3597182AD828D10064AE43 /* Sources */,
				2F3597192AD828D10064AE43 /* Frameworks */,
				2F35971A2AD828D10064AE43 /* Resources */,
			);
			buildRules = (
			);
			dependencies = (
				2F35971E2AD828D10064AE43 /* PBXTargetDependency */,
			);
			name = TaskManagerTests;
			productName = TaskManagerTests;
			productReference = 2F35971C2AD828D10064AE43 /* TaskManagerTests.xctest */;
			productType = "com.apple.product-type.bundle.unit-test";
		};
		2F3597252AD828D20064AE43 /* TaskManagerUITests */ = {
			isa = PBXNativeTarget;
			buildConfigurationList = 2F3597362AD828D20064AE43 /* Build configuration list for PBXNativeTarget "TaskManagerUITests" */;
			buildPhases = (
				2F3597222AD828D20064AE43 /* Sources */,
				2F3597232AD828D20064AE43 /* Frameworks */,
				2F3597242AD828D20064AE43 /* Resources */,
			);
			buildRules = (
			);
			dependencies = (
				2F3597282AD828D20064AE43 /* PBXTargetDependency */,
			);
			name = TaskManagerUITests;
			productName = TaskManagerUITests;
			productReference = 2F3597262AD828D20064AE43 /* TaskManagerUITests.xctest */;
			productType = "com.apple.product-type.bundle.ui-testing";
		};
/* End PBXNativeTarget section */

/* Begin PBXProject section */
		2F3597002AD828CE0064AE43 /* Project object */ = {
			isa = PBXProject;
			attributes = {
				BuildIndependentTargetsInParallel = 1;
				LastSwiftUpdateCheck = 1500;
				LastUpgradeCheck = 1500;
				TargetAttributes = {
					2F0E38982B0E3225004573EA = {
						CreatedOnToolsVersion = 15.0;
					};
					2F3597072AD828CF0064AE43 = {
						CreatedOnToolsVersion = 15.0;
					};
					2F35971B2AD828D10064AE43 = {
						CreatedOnToolsVersion = 15.0;
						TestTargetID = 2F3597072AD828CF0064AE43;
					};
					2F3597252AD828D20064AE43 = {
						CreatedOnToolsVersion = 15.0;
						TestTargetID = 2F3597072AD828CF0064AE43;
					};
				};
			};
			buildConfigurationList = 2F3597032AD828CE0064AE43 /* Build configuration list for PBXProject "TaskManager" */;
			compatibilityVersion = "Xcode 14.0";
			developmentRegion = en;
			hasScannedForEncodings = 0;
			knownRegions = (
				en,
				Base,
			);
			mainGroup = 2F3596FF2AD828CE0064AE43;
			productRefGroup = 2F3596FF2AD828CE0064AE43;
			projectDirPath = "";
			projectRoot = "";
			targets = (
				2F3597072AD828CF0064AE43 /* TaskManager */,
				2F35971B2AD828D10064AE43 /* TaskManagerTests */,
				2F3597252AD828D20064AE43 /* TaskManagerUITests */,
				2F0E38982B0E3225004573EA /* TaskWidgetExtension */,
			);
		};
/* End PBXProject section */

/* Begin PBXResourcesBuildPhase section */
		2F0E38972B0E3225004573EA /* Resources */ = {
			isa = PBXResourcesBuildPhase;
			buildActionMask = 2147483647;
			files = (
				2F0E38A62B0E3228004573EA /* Assets.xcassets in Resources */,
			);
			runOnlyForDeploymentPostprocessing = 0;
		};
		2F3597062AD828CF0064AE43 /* Resources */ = {
			isa = PBXResourcesBuildPhase;
			buildActionMask = 2147483647;
			files = (
				2F3597162AD828D10064AE43 /* Preview Assets.xcassets in Resources */,
				2F3597122AD828D10064AE43 /* Assets.xcassets in Resources */,
			);
			runOnlyForDeploymentPostprocessing = 0;
		};
		2F35971A2AD828D10064AE43 /* Resources */ = {
			isa = PBXResourcesBuildPhase;
			buildActionMask = 2147483647;
			files = (
			);
			runOnlyForDeploymentPostprocessing = 0;
		};
		2F3597242AD828D20064AE43 /* Resources */ = {
			isa = PBXResourcesBuildPhase;
			buildActionMask = 2147483647;
			files = (
			);
			runOnlyForDeploymentPostprocessing = 0;
		};
/* End PBXResourcesBuildPhase section */

/* Begin PBXSourcesBuildPhase section */
		2F0E38952B0E3225004573EA /* Sources */ = {
			isa = PBXSourcesBuildPhase;
			buildActionMask = 2147483647;
			files = (
				2F0E389E2B0E3225004573EA /* TaskWidgetBundle.swift in Sources */,
				2F0E38A42B0E3225004573EA /* AppIntent.swift in Sources */,
				2F0E38A02B0E3225004573EA /* TaskWidgetLiveActivity.swift in Sources */,
				2F0E38A22B0E3225004573EA /* TaskWidget.swift in Sources */,
			);
			runOnlyForDeploymentPostprocessing = 0;
		};
		2F3597042AD828CF0064AE43 /* Sources */ = {
			isa = PBXSourcesBuildPhase;
			buildActionMask = 2147483647;
			files = (
				2F0E38872B0D1E44004573EA /* CustomSegmentedPickerView.swift in Sources */,
				2F0E38882B0D1E44004573EA /* NotificationPreview.swift in Sources */,
				2F0E384D2B0D1DA2004573EA /* DateComponentsExtenstion.swift in Sources */,
				2F0E38842B0D1E44004573EA /* CustomCorner.swift in Sources */,
				2F0E385A2B0D1DD3004573EA /* NotificationHandler.swift in Sources */,
				2F0E38682B0D1E07004573EA /* TasksSearchSuggestions.swift in Sources */,
				2F0E38302B0D1CE3004573EA /* getSthBySth.swift in Sources */,
				2F35974B2AD86AC10064AE43 /* CalendarTabView.swift in Sources */,
				2F0E385C2B0D1DD3004573EA /* NotifictionManager.swift in Sources */,
				2F0E38772B0D1E15004573EA /* Board.swift in Sources */,
				2F0E38362B0D1D0D004573EA /* SyncedDatabase.swift in Sources */,
				2F0E38662B0D1E07004573EA /* TaskModelSnapshot.swift in Sources */,
				2F0E38202B0D0950004573EA /* BoardsView.swift in Sources */,
				2F0E38522B0D1DA2004573EA /* LoggerExtension.swift in Sources */,
				2FD2FFD02AE993360003FEFE /* AppDelegate.swift in Sources */,
				2F0E382F2B0D1CE3004573EA /* StringFunc.swift in Sources */,
				2F0E38222B0D0969004573EA /* EventCardView.swift in Sources */,
				2F0E38512B0D1DA2004573EA /* ColorExtension.swift in Sources */,
				2F0E382D2B0D1CE3004573EA /* Samples.swift in Sources */,
				2F0E38762B0D1E15004573EA /* NotifyReminder.swift in Sources */,
				2F0E381E2B0D092B004573EA /* AppModelContainer.swift in Sources */,
				2F35970E2AD828CF0064AE43 /* ContentView.swift in Sources */,
				2F0E382E2B0D1CE3004573EA /* CircleImage.swift in Sources */,
				2F0E38852B0D1E44004573EA /* ScalingScrollView.swift in Sources */,
				2F0E38722B0D1E15004573EA /* Contributor.swift in Sources */,
				2F0E38332B0D1CE3004573EA /* DottedLine.swift in Sources */,
				2F0E38892B0D1E44004573EA /* ActivityIndicatorModifier.swift in Sources */,
				2F0E38732B0D1E15004573EA /* ProfileModel.swift in Sources */,
				2F0E38712B0D1E15004573EA /* DataGeneration.swift in Sources */,
				2F0E384E2B0D1DA2004573EA /* StringExtension.swift in Sources */,
				2F35974D2AD86BBC0064AE43 /* CalendarView.swift in Sources */,
				2F35974F2AD86C5D0064AE43 /* TasksView.swift in Sources */,
				2F0E384C2B0D1DA2004573EA /* ArrayExtension.swift in Sources */,
				2F0E388B2B0D1EF4004573EA /* TimeIntervalExtension.swift in Sources */,
				2F35970C2AD828CF0064AE43 /* TaskManagerApp.swift in Sources */,
				2F3597512AD86C9F0064AE43 /* TimeLineListView.swift in Sources */,
				2F0E38862B0D1E44004573EA /* SignInWithAppleButton.swift in Sources */,
				2F0E38642B0D1E07004573EA /* TaskModel.swift in Sources */,
				2F0E38822B0D1E44004573EA /* ProfileImage.swift in Sources */,
				2F3597532AD86CFB0064AE43 /* TaskFormView.swift in Sources */,
				2F0E38672B0D1E07004573EA /* TasksSearchResults.swift in Sources */,
				2F0E38742B0D1E15004573EA /* NotificationValue.swift in Sources */,
				2F0E38782B0D1E15004573EA /* GroupModel.swift in Sources */,
				2F0E38492B0D1DA2004573EA /* BoolExtension.swift in Sources */,
				2F0E38B02B0E4550004573EA /* EventCardDetailView.swift in Sources */,
				2F0E38552B0D1DBC004573EA /* Enums.swift in Sources */,
				2F0E38472B0D1DA2004573EA /* UIDeviceExtension.swift in Sources */,
				2F0E38312B0D1CE3004573EA /* SizeCalculator.swift in Sources */,
				2F0E384B2B0D1DA2004573EA /* DateExtension.swift in Sources */,
				2F3597552AD86D1F0064AE43 /* CalendarCardView.swift in Sources */,
				2F0E38652B0D1E07004573EA /* TaskModelEntity.swift in Sources */,
				2F0E384A2B0D1DA2004573EA /* CalendarExtension.swift in Sources */,
				2F0E38832B0D1E44004573EA /* NoOpacityAnimationButtonStyle.swift in Sources */,
				2F0E385B2B0D1DD3004573EA /* NotificationViewModifier.swift in Sources */,
				2F0E38392B0D1D73004573EA /* ProfileView.swift in Sources */,
				2F0E38752B0D1E15004573EA /* RecallOption.swift in Sources */,
				2F0E38482B0D1DA2004573EA /* ViewExtension.swift in Sources */,
				2F0E38322B0D1CE3004573EA /* OffsetModifier.swift in Sources */,
			);
			runOnlyForDeploymentPostprocessing = 0;
		};
		2F3597182AD828D10064AE43 /* Sources */ = {
			isa = PBXSourcesBuildPhase;
			buildActionMask = 2147483647;
			files = (
				2F3597212AD828D10064AE43 /* TaskManagerTests.swift in Sources */,
			);
			runOnlyForDeploymentPostprocessing = 0;
		};
		2F3597222AD828D20064AE43 /* Sources */ = {
			isa = PBXSourcesBuildPhase;
			buildActionMask = 2147483647;
			files = (
				2F35972B2AD828D20064AE43 /* TaskManagerUITests.swift in Sources */,
				2F35972D2AD828D20064AE43 /* TaskManagerUITestsLaunchTests.swift in Sources */,
			);
			runOnlyForDeploymentPostprocessing = 0;
		};
/* End PBXSourcesBuildPhase section */

/* Begin PBXTargetDependency section */
		2F0E38A92B0E3228004573EA /* PBXTargetDependency */ = {
			isa = PBXTargetDependency;
			target = 2F0E38982B0E3225004573EA /* TaskWidgetExtension */;
			targetProxy = 2F0E38A82B0E3228004573EA /* PBXContainerItemProxy */;
		};
		2F35971E2AD828D10064AE43 /* PBXTargetDependency */ = {
			isa = PBXTargetDependency;
			target = 2F3597072AD828CF0064AE43 /* TaskManager */;
			targetProxy = 2F35971D2AD828D10064AE43 /* PBXContainerItemProxy */;
		};
		2F3597282AD828D20064AE43 /* PBXTargetDependency */ = {
			isa = PBXTargetDependency;
			target = 2F3597072AD828CF0064AE43 /* TaskManager */;
			targetProxy = 2F3597272AD828D20064AE43 /* PBXContainerItemProxy */;
		};
/* End PBXTargetDependency section */

/* Begin XCBuildConfiguration section */
		2F0E38AD2B0E3228004573EA /* Debug */ = {
			isa = XCBuildConfiguration;
			buildSettings = {
				ASSETCATALOG_COMPILER_GLOBAL_ACCENT_COLOR_NAME = AccentColor;
				ASSETCATALOG_COMPILER_WIDGET_BACKGROUND_COLOR_NAME = WidgetBackground;
				CODE_SIGN_STYLE = Automatic;
				CURRENT_PROJECT_VERSION = 1;
				DEVELOPMENT_TEAM = JN3FPZVX7E;
				GENERATE_INFOPLIST_FILE = YES;
				INFOPLIST_FILE = TaskWidget/Info.plist;
				INFOPLIST_KEY_CFBundleDisplayName = TaskWidget;
				INFOPLIST_KEY_NSHumanReadableCopyright = "";
				IPHONEOS_DEPLOYMENT_TARGET = 17.0;
				LD_RUNPATH_SEARCH_PATHS = (
					"$(inherited)",
					"@executable_path/Frameworks",
					"@executable_path/../../Frameworks",
				);
				MARKETING_VERSION = 1.0;
				PRODUCT_BUNDLE_IDENTIFIER = com.novol.TaskManager.TaskWidget;
				PRODUCT_NAME = "$(TARGET_NAME)";
				SDKROOT = iphoneos;
				SKIP_INSTALL = YES;
				SWIFT_EMIT_LOC_STRINGS = YES;
				SWIFT_VERSION = 5.0;
				TARGETED_DEVICE_FAMILY = "1,2";
			};
			name = Debug;
		};
		2F0E38AE2B0E3228004573EA /* Release */ = {
			isa = XCBuildConfiguration;
			buildSettings = {
				ASSETCATALOG_COMPILER_GLOBAL_ACCENT_COLOR_NAME = AccentColor;
				ASSETCATALOG_COMPILER_WIDGET_BACKGROUND_COLOR_NAME = WidgetBackground;
				CODE_SIGN_STYLE = Automatic;
				CURRENT_PROJECT_VERSION = 1;
				DEVELOPMENT_TEAM = JN3FPZVX7E;
				GENERATE_INFOPLIST_FILE = YES;
				INFOPLIST_FILE = TaskWidget/Info.plist;
				INFOPLIST_KEY_CFBundleDisplayName = TaskWidget;
				INFOPLIST_KEY_NSHumanReadableCopyright = "";
				IPHONEOS_DEPLOYMENT_TARGET = 17.0;
				LD_RUNPATH_SEARCH_PATHS = (
					"$(inherited)",
					"@executable_path/Frameworks",
					"@executable_path/../../Frameworks",
				);
				MARKETING_VERSION = 1.0;
				PRODUCT_BUNDLE_IDENTIFIER = com.novol.TaskManager.TaskWidget;
				PRODUCT_NAME = "$(TARGET_NAME)";
				SDKROOT = iphoneos;
				SKIP_INSTALL = YES;
				SWIFT_EMIT_LOC_STRINGS = YES;
				SWIFT_VERSION = 5.0;
				TARGETED_DEVICE_FAMILY = "1,2";
				VALIDATE_PRODUCT = YES;
			};
			name = Release;
		};
		2F35972E2AD828D20064AE43 /* Debug */ = {
			isa = XCBuildConfiguration;
			buildSettings = {
				ALWAYS_SEARCH_USER_PATHS = NO;
				ASSETCATALOG_COMPILER_GENERATE_SWIFT_ASSET_SYMBOL_EXTENSIONS = YES;
				CLANG_ANALYZER_NONNULL = YES;
				CLANG_ANALYZER_NUMBER_OBJECT_CONVERSION = YES_AGGRESSIVE;
				CLANG_CXX_LANGUAGE_STANDARD = "gnu++20";
				CLANG_ENABLE_MODULES = YES;
				CLANG_ENABLE_OBJC_ARC = YES;
				CLANG_ENABLE_OBJC_WEAK = YES;
				CLANG_WARN_BLOCK_CAPTURE_AUTORELEASING = YES;
				CLANG_WARN_BOOL_CONVERSION = YES;
				CLANG_WARN_COMMA = YES;
				CLANG_WARN_CONSTANT_CONVERSION = YES;
				CLANG_WARN_DEPRECATED_OBJC_IMPLEMENTATIONS = YES;
				CLANG_WARN_DIRECT_OBJC_ISA_USAGE = YES_ERROR;
				CLANG_WARN_DOCUMENTATION_COMMENTS = YES;
				CLANG_WARN_EMPTY_BODY = YES;
				CLANG_WARN_ENUM_CONVERSION = YES;
				CLANG_WARN_INFINITE_RECURSION = YES;
				CLANG_WARN_INT_CONVERSION = YES;
				CLANG_WARN_NON_LITERAL_NULL_CONVERSION = YES;
				CLANG_WARN_OBJC_IMPLICIT_RETAIN_SELF = YES;
				CLANG_WARN_OBJC_LITERAL_CONVERSION = YES;
				CLANG_WARN_OBJC_ROOT_CLASS = YES_ERROR;
				CLANG_WARN_QUOTED_INCLUDE_IN_FRAMEWORK_HEADER = YES;
				CLANG_WARN_RANGE_LOOP_ANALYSIS = YES;
				CLANG_WARN_STRICT_PROTOTYPES = YES;
				CLANG_WARN_SUSPICIOUS_MOVE = YES;
				CLANG_WARN_UNGUARDED_AVAILABILITY = YES_AGGRESSIVE;
				CLANG_WARN_UNREACHABLE_CODE = YES;
				CLANG_WARN__DUPLICATE_METHOD_MATCH = YES;
				COPY_PHASE_STRIP = NO;
				DEBUG_INFORMATION_FORMAT = dwarf;
				ENABLE_STRICT_OBJC_MSGSEND = YES;
				ENABLE_TESTABILITY = YES;
				ENABLE_USER_SCRIPT_SANDBOXING = YES;
				GCC_C_LANGUAGE_STANDARD = gnu17;
				GCC_DYNAMIC_NO_PIC = NO;
				GCC_NO_COMMON_BLOCKS = YES;
				GCC_OPTIMIZATION_LEVEL = 0;
				GCC_PREPROCESSOR_DEFINITIONS = (
					"DEBUG=1",
					"$(inherited)",
				);
				GCC_WARN_64_TO_32_BIT_CONVERSION = YES;
				GCC_WARN_ABOUT_RETURN_TYPE = YES_ERROR;
				GCC_WARN_UNDECLARED_SELECTOR = YES;
				GCC_WARN_UNINITIALIZED_AUTOS = YES_AGGRESSIVE;
				GCC_WARN_UNUSED_FUNCTION = YES;
				GCC_WARN_UNUSED_VARIABLE = YES;
				LOCALIZATION_PREFERS_STRING_CATALOGS = YES;
				MTL_ENABLE_DEBUG_INFO = INCLUDE_SOURCE;
				MTL_FAST_MATH = YES;
				ONLY_ACTIVE_ARCH = YES;
				SWIFT_ACTIVE_COMPILATION_CONDITIONS = "DEBUG $(inherited)";
				SWIFT_OPTIMIZATION_LEVEL = "-Onone";
			};
			name = Debug;
		};
		2F35972F2AD828D20064AE43 /* Release */ = {
			isa = XCBuildConfiguration;
			buildSettings = {
				ALWAYS_SEARCH_USER_PATHS = NO;
				ASSETCATALOG_COMPILER_GENERATE_SWIFT_ASSET_SYMBOL_EXTENSIONS = YES;
				CLANG_ANALYZER_NONNULL = YES;
				CLANG_ANALYZER_NUMBER_OBJECT_CONVERSION = YES_AGGRESSIVE;
				CLANG_CXX_LANGUAGE_STANDARD = "gnu++20";
				CLANG_ENABLE_MODULES = YES;
				CLANG_ENABLE_OBJC_ARC = YES;
				CLANG_ENABLE_OBJC_WEAK = YES;
				CLANG_WARN_BLOCK_CAPTURE_AUTORELEASING = YES;
				CLANG_WARN_BOOL_CONVERSION = YES;
				CLANG_WARN_COMMA = YES;
				CLANG_WARN_CONSTANT_CONVERSION = YES;
				CLANG_WARN_DEPRECATED_OBJC_IMPLEMENTATIONS = YES;
				CLANG_WARN_DIRECT_OBJC_ISA_USAGE = YES_ERROR;
				CLANG_WARN_DOCUMENTATION_COMMENTS = YES;
				CLANG_WARN_EMPTY_BODY = YES;
				CLANG_WARN_ENUM_CONVERSION = YES;
				CLANG_WARN_INFINITE_RECURSION = YES;
				CLANG_WARN_INT_CONVERSION = YES;
				CLANG_WARN_NON_LITERAL_NULL_CONVERSION = YES;
				CLANG_WARN_OBJC_IMPLICIT_RETAIN_SELF = YES;
				CLANG_WARN_OBJC_LITERAL_CONVERSION = YES;
				CLANG_WARN_OBJC_ROOT_CLASS = YES_ERROR;
				CLANG_WARN_QUOTED_INCLUDE_IN_FRAMEWORK_HEADER = YES;
				CLANG_WARN_RANGE_LOOP_ANALYSIS = YES;
				CLANG_WARN_STRICT_PROTOTYPES = YES;
				CLANG_WARN_SUSPICIOUS_MOVE = YES;
				CLANG_WARN_UNGUARDED_AVAILABILITY = YES_AGGRESSIVE;
				CLANG_WARN_UNREACHABLE_CODE = YES;
				CLANG_WARN__DUPLICATE_METHOD_MATCH = YES;
				COPY_PHASE_STRIP = NO;
				DEBUG_INFORMATION_FORMAT = "dwarf-with-dsym";
				ENABLE_NS_ASSERTIONS = NO;
				ENABLE_STRICT_OBJC_MSGSEND = YES;
				ENABLE_USER_SCRIPT_SANDBOXING = YES;
				GCC_C_LANGUAGE_STANDARD = gnu17;
				GCC_NO_COMMON_BLOCKS = YES;
				GCC_WARN_64_TO_32_BIT_CONVERSION = YES;
				GCC_WARN_ABOUT_RETURN_TYPE = YES_ERROR;
				GCC_WARN_UNDECLARED_SELECTOR = YES;
				GCC_WARN_UNINITIALIZED_AUTOS = YES_AGGRESSIVE;
				GCC_WARN_UNUSED_FUNCTION = YES;
				GCC_WARN_UNUSED_VARIABLE = YES;
				LOCALIZATION_PREFERS_STRING_CATALOGS = YES;
				MTL_ENABLE_DEBUG_INFO = NO;
				MTL_FAST_MATH = YES;
				SWIFT_COMPILATION_MODE = wholemodule;
			};
			name = Release;
		};
		2F3597312AD828D20064AE43 /* Debug */ = {
			isa = XCBuildConfiguration;
			buildSettings = {
				ALWAYS_EMBED_SWIFT_STANDARD_LIBRARIES = YES;
				ASSETCATALOG_COMPILER_APPICON_NAME = AppIcon;
				ASSETCATALOG_COMPILER_GLOBAL_ACCENT_COLOR_NAME = AccentColor;
				CODE_SIGN_ENTITLEMENTS = TaskManager/TaskManager.entitlements;
				CODE_SIGN_STYLE = Automatic;
				CURRENT_PROJECT_VERSION = 1.0.0;
				DEVELOPMENT_ASSET_PATHS = "\"TaskManager/Preview Content\"";
				DEVELOPMENT_TEAM = JN3FPZVX7E;
				ENABLE_HARDENED_RUNTIME = YES;
				ENABLE_PREVIEWS = YES;
				ENABLE_USER_SCRIPT_SANDBOXING = NO;
				GENERATE_INFOPLIST_FILE = YES;
				INFOPLIST_FILE = TaskManager/Info.plist;
				INFOPLIST_KEY_CFBundleDisplayName = Purposer;
				INFOPLIST_KEY_LSApplicationCategoryType = "public.app-category.productivity";
				INFOPLIST_KEY_NSSupportsLiveActivities = YES;
				"INFOPLIST_KEY_UIApplicationSceneManifest_Generation[sdk=iphoneos*]" = YES;
				"INFOPLIST_KEY_UIApplicationSceneManifest_Generation[sdk=iphonesimulator*]" = YES;
				"INFOPLIST_KEY_UIApplicationSupportsIndirectInputEvents[sdk=iphoneos*]" = YES;
				"INFOPLIST_KEY_UIApplicationSupportsIndirectInputEvents[sdk=iphonesimulator*]" = YES;
				"INFOPLIST_KEY_UILaunchScreen_Generation[sdk=iphoneos*]" = YES;
				"INFOPLIST_KEY_UILaunchScreen_Generation[sdk=iphonesimulator*]" = YES;
				"INFOPLIST_KEY_UIStatusBarStyle[sdk=iphoneos*]" = UIStatusBarStyleDefault;
				"INFOPLIST_KEY_UIStatusBarStyle[sdk=iphonesimulator*]" = UIStatusBarStyleDefault;
				INFOPLIST_KEY_UISupportedInterfaceOrientations = UIInterfaceOrientationPortrait;
				IPHONEOS_DEPLOYMENT_TARGET = 17.0;
				LD_RUNPATH_SEARCH_PATHS = "@executable_path/Frameworks";
				"LD_RUNPATH_SEARCH_PATHS[sdk=macosx*]" = "@executable_path/../Frameworks";
				MACOSX_DEPLOYMENT_TARGET = 14.0;
				MARKETING_VERSION = 1.0.0;
				PRODUCT_BUNDLE_IDENTIFIER = com.novol.TaskManager;
				PRODUCT_NAME = "$(TARGET_NAME)";
				SDKROOT = auto;
				SUPPORTED_PLATFORMS = "iphoneos iphonesimulator macosx";
				SWIFT_EMIT_LOC_STRINGS = YES;
				SWIFT_VERSION = 5.0;
				TARGETED_DEVICE_FAMILY = "1,2";
			};
			name = Debug;
		};
		2F3597322AD828D20064AE43 /* Release */ = {
			isa = XCBuildConfiguration;
			buildSettings = {
				ALWAYS_EMBED_SWIFT_STANDARD_LIBRARIES = YES;
				ASSETCATALOG_COMPILER_APPICON_NAME = AppIcon;
				ASSETCATALOG_COMPILER_GLOBAL_ACCENT_COLOR_NAME = AccentColor;
				CODE_SIGN_ENTITLEMENTS = TaskManager/TaskManager.entitlements;
				CODE_SIGN_STYLE = Automatic;
				CURRENT_PROJECT_VERSION = 1.0.0;
				DEVELOPMENT_ASSET_PATHS = "\"TaskManager/Preview Content\"";
				DEVELOPMENT_TEAM = JN3FPZVX7E;
				ENABLE_HARDENED_RUNTIME = YES;
				ENABLE_PREVIEWS = YES;
				ENABLE_USER_SCRIPT_SANDBOXING = NO;
				GENERATE_INFOPLIST_FILE = YES;
				INFOPLIST_FILE = TaskManager/Info.plist;
				INFOPLIST_KEY_CFBundleDisplayName = Purposer;
				INFOPLIST_KEY_LSApplicationCategoryType = "public.app-category.productivity";
				INFOPLIST_KEY_NSSupportsLiveActivities = YES;
				"INFOPLIST_KEY_UIApplicationSceneManifest_Generation[sdk=iphoneos*]" = YES;
				"INFOPLIST_KEY_UIApplicationSceneManifest_Generation[sdk=iphonesimulator*]" = YES;
				"INFOPLIST_KEY_UIApplicationSupportsIndirectInputEvents[sdk=iphoneos*]" = YES;
				"INFOPLIST_KEY_UIApplicationSupportsIndirectInputEvents[sdk=iphonesimulator*]" = YES;
				"INFOPLIST_KEY_UILaunchScreen_Generation[sdk=iphoneos*]" = YES;
				"INFOPLIST_KEY_UILaunchScreen_Generation[sdk=iphonesimulator*]" = YES;
				"INFOPLIST_KEY_UIStatusBarStyle[sdk=iphoneos*]" = UIStatusBarStyleDefault;
				"INFOPLIST_KEY_UIStatusBarStyle[sdk=iphonesimulator*]" = UIStatusBarStyleDefault;
				INFOPLIST_KEY_UISupportedInterfaceOrientations = UIInterfaceOrientationPortrait;
				IPHONEOS_DEPLOYMENT_TARGET = 17.0;
				LD_RUNPATH_SEARCH_PATHS = "@executable_path/Frameworks";
				"LD_RUNPATH_SEARCH_PATHS[sdk=macosx*]" = "@executable_path/../Frameworks";
				MACOSX_DEPLOYMENT_TARGET = 14.0;
				MARKETING_VERSION = 1.0.0;
				PRODUCT_BUNDLE_IDENTIFIER = com.novol.TaskManager;
				PRODUCT_NAME = "$(TARGET_NAME)";
				SDKROOT = auto;
				SUPPORTED_PLATFORMS = "iphoneos iphonesimulator macosx";
				SWIFT_EMIT_LOC_STRINGS = YES;
				SWIFT_VERSION = 5.0;
				TARGETED_DEVICE_FAMILY = "1,2";
			};
			name = Release;
		};
		2F3597342AD828D20064AE43 /* Debug */ = {
			isa = XCBuildConfiguration;
			buildSettings = {
				ALWAYS_EMBED_SWIFT_STANDARD_LIBRARIES = YES;
				BUNDLE_LOADER = "$(TEST_HOST)";
				CODE_SIGN_STYLE = Automatic;
				CURRENT_PROJECT_VERSION = 1;
				DEVELOPMENT_TEAM = JN3FPZVX7E;
				GENERATE_INFOPLIST_FILE = YES;
				IPHONEOS_DEPLOYMENT_TARGET = 17.0;
				MACOSX_DEPLOYMENT_TARGET = 13.5;
				MARKETING_VERSION = 1.0;
				PRODUCT_BUNDLE_IDENTIFIER = Novol.TaskManagerTests;
				PRODUCT_NAME = "$(TARGET_NAME)";
				SDKROOT = auto;
				SUPPORTED_PLATFORMS = "iphoneos iphonesimulator macosx";
				SWIFT_EMIT_LOC_STRINGS = NO;
				SWIFT_VERSION = 5.0;
				TARGETED_DEVICE_FAMILY = "1,2";
				TEST_HOST = "$(BUILT_PRODUCTS_DIR)/TaskManager.app/$(BUNDLE_EXECUTABLE_FOLDER_PATH)/TaskManager";
			};
			name = Debug;
		};
		2F3597352AD828D20064AE43 /* Release */ = {
			isa = XCBuildConfiguration;
			buildSettings = {
				ALWAYS_EMBED_SWIFT_STANDARD_LIBRARIES = YES;
				BUNDLE_LOADER = "$(TEST_HOST)";
				CODE_SIGN_STYLE = Automatic;
				CURRENT_PROJECT_VERSION = 1;
				DEVELOPMENT_TEAM = JN3FPZVX7E;
				GENERATE_INFOPLIST_FILE = YES;
				IPHONEOS_DEPLOYMENT_TARGET = 17.0;
				MACOSX_DEPLOYMENT_TARGET = 13.5;
				MARKETING_VERSION = 1.0;
				PRODUCT_BUNDLE_IDENTIFIER = Novol.TaskManagerTests;
				PRODUCT_NAME = "$(TARGET_NAME)";
				SDKROOT = auto;
				SUPPORTED_PLATFORMS = "iphoneos iphonesimulator macosx";
				SWIFT_EMIT_LOC_STRINGS = NO;
				SWIFT_VERSION = 5.0;
				TARGETED_DEVICE_FAMILY = "1,2";
				TEST_HOST = "$(BUILT_PRODUCTS_DIR)/TaskManager.app/$(BUNDLE_EXECUTABLE_FOLDER_PATH)/TaskManager";
			};
			name = Release;
		};
		2F3597372AD828D20064AE43 /* Debug */ = {
			isa = XCBuildConfiguration;
			buildSettings = {
				ALWAYS_EMBED_SWIFT_STANDARD_LIBRARIES = YES;
				CODE_SIGN_STYLE = Automatic;
				CURRENT_PROJECT_VERSION = 1;
				DEVELOPMENT_TEAM = JN3FPZVX7E;
				GENERATE_INFOPLIST_FILE = YES;
				IPHONEOS_DEPLOYMENT_TARGET = 17.0;
				MACOSX_DEPLOYMENT_TARGET = 13.5;
				MARKETING_VERSION = 1.0;
				PRODUCT_BUNDLE_IDENTIFIER = Novol.TaskManagerUITests;
				PRODUCT_NAME = "$(TARGET_NAME)";
				SDKROOT = auto;
				SUPPORTED_PLATFORMS = "iphoneos iphonesimulator macosx";
				SWIFT_EMIT_LOC_STRINGS = NO;
				SWIFT_VERSION = 5.0;
				TARGETED_DEVICE_FAMILY = "1,2";
				TEST_TARGET_NAME = TaskManager;
			};
			name = Debug;
		};
		2F3597382AD828D20064AE43 /* Release */ = {
			isa = XCBuildConfiguration;
			buildSettings = {
				ALWAYS_EMBED_SWIFT_STANDARD_LIBRARIES = YES;
				CODE_SIGN_STYLE = Automatic;
				CURRENT_PROJECT_VERSION = 1;
				DEVELOPMENT_TEAM = JN3FPZVX7E;
				GENERATE_INFOPLIST_FILE = YES;
				IPHONEOS_DEPLOYMENT_TARGET = 17.0;
				MACOSX_DEPLOYMENT_TARGET = 13.5;
				MARKETING_VERSION = 1.0;
				PRODUCT_BUNDLE_IDENTIFIER = Novol.TaskManagerUITests;
				PRODUCT_NAME = "$(TARGET_NAME)";
				SDKROOT = auto;
				SUPPORTED_PLATFORMS = "iphoneos iphonesimulator macosx";
				SWIFT_EMIT_LOC_STRINGS = NO;
				SWIFT_VERSION = 5.0;
				TARGETED_DEVICE_FAMILY = "1,2";
				TEST_TARGET_NAME = TaskManager;
			};
			name = Release;
		};
/* End XCBuildConfiguration section */

/* Begin XCConfigurationList section */
		2F0E38AC2B0E3228004573EA /* Build configuration list for PBXNativeTarget "TaskWidgetExtension" */ = {
			isa = XCConfigurationList;
			buildConfigurations = (
				2F0E38AD2B0E3228004573EA /* Debug */,
				2F0E38AE2B0E3228004573EA /* Release */,
			);
			defaultConfigurationIsVisible = 0;
			defaultConfigurationName = Release;
		};
		2F3597032AD828CE0064AE43 /* Build configuration list for PBXProject "TaskManager" */ = {
			isa = XCConfigurationList;
			buildConfigurations = (
				2F35972E2AD828D20064AE43 /* Debug */,
				2F35972F2AD828D20064AE43 /* Release */,
			);
			defaultConfigurationIsVisible = 0;
			defaultConfigurationName = Release;
		};
		2F3597302AD828D20064AE43 /* Build configuration list for PBXNativeTarget "TaskManager" */ = {
			isa = XCConfigurationList;
			buildConfigurations = (
				2F3597312AD828D20064AE43 /* Debug */,
				2F3597322AD828D20064AE43 /* Release */,
			);
			defaultConfigurationIsVisible = 0;
			defaultConfigurationName = Release;
		};
		2F3597332AD828D20064AE43 /* Build configuration list for PBXNativeTarget "TaskManagerTests" */ = {
			isa = XCConfigurationList;
			buildConfigurations = (
				2F3597342AD828D20064AE43 /* Debug */,
				2F3597352AD828D20064AE43 /* Release */,
			);
			defaultConfigurationIsVisible = 0;
			defaultConfigurationName = Release;
		};
		2F3597362AD828D20064AE43 /* Build configuration list for PBXNativeTarget "TaskManagerUITests" */ = {
			isa = XCConfigurationList;
			buildConfigurations = (
				2F3597372AD828D20064AE43 /* Debug */,
				2F3597382AD828D20064AE43 /* Release */,
			);
			defaultConfigurationIsVisible = 0;
			defaultConfigurationName = Release;
		};
/* End XCConfigurationList section */
	};
	rootObject = 2F3597002AD828CE0064AE43 /* Project object */;
}
